
Microsoft Visual Studio Solution File, Format Version 12.00
# Visual Studio Version 16
VisualStudioVersion = 16.0.31321.278
MinimumVisualStudioVersion = 10.0.40219.1
Project("{FAE04EC0-301F-11D3-BF4B-00C04F79EFBC}") = "CompareWithinMargin", "CompareWithinMargin\CompareWithinMargin.csproj", "{1BB7766F-566D-4A4E-A924-93364C74E742}"
EndProject
Global
	GlobalSection(SolutionConfigurationPlatforms) = preSolution
		Debug|Any CPU = Debug|Any CPU
		Release|Any CPU = Release|Any CPU
	EndGlobalSection
	GlobalSection(ProjectConfigurationPlatforms) = postSolution
		{1BB7766F-566D-4A4E-A924-93364C74E742}.Debug|Any CPU.ActiveCfg = Debug|Any CPU
		{1BB7766F-566D-4A4E-A924-93364C74E742}.Debug|Any CPU.Build.0 = Debug|Any CPU
		{1BB7766F-566D-4A4E-A924-93364C74E742}.Release|Any CPU.ActiveCfg = Release|Any CPU
		{1BB7766F-566D-4A4E-A924-93364C74E742}.Release|Any CPU.Build.0 = Release|Any CPU
	EndGlobalSection
	GlobalSection(SolutionProperties) = preSolution
		HideSolutionNode = FALSE
	EndGlobalSection
	GlobalSection(ExtensibilityGlobals) = postSolution
		SolutionGuid = {BCE6F5FC-77C1-4E8F-943C-BE31DABE5581}
	EndGlobalSection
EndGlobal
